
Microsoft Visual Studio Solution File, Format Version 12.00
# Visual Studio Version 17
VisualStudioVersion = 17.0.31903.59
MinimumVisualStudioVersion = 10.0.40219.1
Project("{2150E333-8FDC-42A3-9474-1A3956D46DE8}") = "src", "src", "{827E0CD3-B72D-47B6-A68D-7590B98EB39B}"
EndProject
Project("{2150E333-8FDC-42A3-9474-1A3956D46DE8}") = "backend", "backend", "{FE360695-3F2B-1049-3887-35FBB5135923}"
EndProject
Project("{FAE04EC0-301F-11D3-BF4B-00C04F79EFBC}") = "Momentum.Domain", "src\backend\Momentum.Domain\Momentum.Domain.csproj", "{C57D465B-AF81-4429-9009-ACE55B4D3813}"
EndProject
Project("{FAE04EC0-301F-11D3-BF4B-00C04F79EFBC}") = "Momentum.Application", "src\backend\Momentum.Application\Momentum.Application.csproj", "{EB5C97C4-2E68-47D9-B8B9-E84F04E7C3DA}"
EndProject
Project("{FAE04EC0-301F-11D3-BF4B-00C04F79EFBC}") = "Momentum.Infrastructure", "src\backend\Momentum.Infrastructure\Momentum.Infrastructure.csproj", "{2B86C428-5A1E-470D-B6F4-C36F224D0F75}"
EndProject
Project("{FAE04EC0-301F-11D3-BF4B-00C04F79EFBC}") = "Momentum.Api", "src\backend\Momentum.Api\Momentum.Api.csproj", "{CCEDBB39-A4E8-4276-B09F-69670B88516C}"
EndProject
Project("{FAE04EC0-301F-11D3-BF4B-00C04F79EFBC}") = "Momentum.ArchitectureTests", "tests\Momentum.ArchitectureTests\Momentum.ArchitectureTests.csproj", "{964C31A1-0C3A-4926-A133-9979B31C1E97}"
EndProject
Project("{FAE04EC0-301F-11D3-BF4B-00C04F79EFBC}") = "Momentum.Api.Tests", "tests\Momentum.Api.Tests\Momentum.Api.Tests.csproj", "{8AD2A108-D63B-4DFE-A3F6-EE03163F998E}"
EndProject
Project("{2150E333-8FDC-42A3-9474-1A3956D46DE8}") = "tests", "tests", "{0AB3BF05-4346-4AA6-1389-037BE0695223}"
EndProject
Project("{FAE04EC0-301F-11D3-BF4B-00C04F79EFBC}") = "Momentum.SyncCore.Tests", "tests\Momentum.SyncCore.Tests\Momentum.SyncCore.Tests.csproj", "{E0E5EC28-713F-4033-AB38-D618997958C0}"
EndProject
Global
	GlobalSection(SolutionConfigurationPlatforms) = preSolution
		Debug|Any CPU = Debug|Any CPU
		Debug|x64 = Debug|x64
		Debug|x86 = Debug|x86
		Release|Any CPU = Release|Any CPU
		Release|x64 = Release|x64
		Release|x86 = Release|x86
	EndGlobalSection
	GlobalSection(ProjectConfigurationPlatforms) = postSolution
		{C57D465B-AF81-4429-9009-ACE55B4D3813}.Debug|Any CPU.ActiveCfg = Debug|Any CPU
		{C57D465B-AF81-4429-9009-ACE55B4D3813}.Debug|Any CPU.Build.0 = Debug|Any CPU
		{C57D465B-AF81-4429-9009-ACE55B4D3813}.Debug|x64.ActiveCfg = Debug|Any CPU
		{C57D465B-AF81-4429-9009-ACE55B4D3813}.Debug|x64.Build.0 = Debug|Any CPU
		{C57D465B-AF81-4429-9009-ACE55B4D3813}.Debug|x86.ActiveCfg = Debug|Any CPU
		{C57D465B-AF81-4429-9009-ACE55B4D3813}.Debug|x86.Build.0 = Debug|Any CPU
		{C57D465B-AF81-4429-9009-ACE55B4D3813}.Release|Any CPU.ActiveCfg = Release|Any CPU
		{C57D465B-AF81-4429-9009-ACE55B4D3813}.Release|Any CPU.Build.0 = Release|Any CPU
		{C57D465B-AF81-4429-9009-ACE55B4D3813}.Release|x64.ActiveCfg = Release|Any CPU
		{C57D465B-AF81-4429-9009-ACE55B4D3813}.Release|x64.Build.0 = Release|Any CPU
		{C57D465B-AF81-4429-9009-ACE55B4D3813}.Release|x86.ActiveCfg = Release|Any CPU
		{C57D465B-AF81-4429-9009-ACE55B4D3813}.Release|x86.Build.0 = Release|Any CPU
		{EB5C97C4-2E68-47D9-B8B9-E84F04E7C3DA}.Debug|Any CPU.ActiveCfg = Debug|Any CPU
		{EB5C97C4-2E68-47D9-B8B9-E84F04E7C3DA}.Debug|Any CPU.Build.0 = Debug|Any CPU
		{EB5C97C4-2E68-47D9-B8B9-E84F04E7C3DA}.Debug|x64.ActiveCfg = Debug|Any CPU
		{EB5C97C4-2E68-47D9-B8B9-E84F04E7C3DA}.Debug|x64.Build.0 = Debug|Any CPU
		{EB5C97C4-2E68-47D9-B8B9-E84F04E7C3DA}.Debug|x86.ActiveCfg = Debug|Any CPU
		{EB5C97C4-2E68-47D9-B8B9-E84F04E7C3DA}.Debug|x86.Build.0 = Debug|Any CPU
		{EB5C97C4-2E68-47D9-B8B9-E84F04E7C3DA}.Release|Any CPU.ActiveCfg = Release|Any CPU
		{EB5C97C4-2E68-47D9-B8B9-E84F04E7C3DA}.Release|Any CPU.Build.0 = Release|Any CPU
		{EB5C97C4-2E68-47D9-B8B9-E84F04E7C3DA}.Release|x64.ActiveCfg = Release|Any CPU
		{EB5C97C4-2E68-47D9-B8B9-E84F04E7C3DA}.Release|x64.Build.0 = Release|Any CPU
		{EB5C97C4-2E68-47D9-B8B9-E84F04E7C3DA}.Release|x86.ActiveCfg = Release|Any CPU
		{EB5C97C4-2E68-47D9-B8B9-E84F04E7C3DA}.Release|x86.Build.0 = Release|Any CPU
		{2B86C428-5A1E-470D-B6F4-C36F224D0F75}.Debug|Any CPU.ActiveCfg = Debug|Any CPU
		{2B86C428-5A1E-470D-B6F4-C36F224D0F75}.Debug|Any CPU.Build.0 = Debug|Any CPU
		{2B86C428-5A1E-470D-B6F4-C36F224D0F75}.Debug|x64.ActiveCfg = Debug|Any CPU
		{2B86C428-5A1E-470D-B6F4-C36F224D0F75}.Debug|x64.Build.0 = Debug|Any CPU
		{2B86C428-5A1E-470D-B6F4-C36F224D0F75}.Debug|x86.ActiveCfg = Debug|Any CPU
		{2B86C428-5A1E-470D-B6F4-C36F224D0F75}.Debug|x86.Build.0 = Debug|Any CPU
		{2B86C428-5A1E-470D-B6F4-C36F224D0F75}.Release|Any CPU.ActiveCfg = Release|Any CPU
		{2B86C428-5A1E-470D-B6F4-C36F224D0F75}.Release|Any CPU.Build.0 = Release|Any CPU
		{2B86C428-5A1E-470D-B6F4-C36F224D0F75}.Release|x64.ActiveCfg = Release|Any CPU
		{2B86C428-5A1E-470D-B6F4-C36F224D0F75}.Release|x64.Build.0 = Release|Any CPU
		{2B86C428-5A1E-470D-B6F4-C36F224D0F75}.Release|x86.ActiveCfg = Release|Any CPU
		{2B86C428-5A1E-470D-B6F4-C36F224D0F75}.Release|x86.Build.0 = Release|Any CPU
		{CCEDBB39-A4E8-4276-B09F-69670B88516C}.Debug|Any CPU.ActiveCfg = Debug|Any CPU
		{CCEDBB39-A4E8-4276-B09F-69670B88516C}.Debug|Any CPU.Build.0 = Debug|Any CPU
		{CCEDBB39-A4E8-4276-B09F-69670B88516C}.Debug|x64.ActiveCfg = Debug|Any CPU
		{CCEDBB39-A4E8-4276-B09F-69670B88516C}.Debug|x64.Build.0 = Debug|Any CPU
		{CCEDBB39-A4E8-4276-B09F-69670B88516C}.Debug|x86.ActiveCfg = Debug|Any CPU
		{CCEDBB39-A4E8-4276-B09F-69670B88516C}.Debug|x86.Build.0 = Debug|Any CPU
		{CCEDBB39-A4E8-4276-B09F-69670B88516C}.Release|Any CPU.ActiveCfg = Release|Any CPU
		{CCEDBB39-A4E8-4276-B09F-69670B88516C}.Release|Any CPU.Build.0 = Release|Any CPU
		{CCEDBB39-A4E8-4276-B09F-69670B88516C}.Release|x64.ActiveCfg = Release|Any CPU
		{CCEDBB39-A4E8-4276-B09F-69670B88516C}.Release|x64.Build.0 = Release|Any CPU
		{CCEDBB39-A4E8-4276-B09F-69670B88516C}.Release|x86.ActiveCfg = Release|Any CPU
		{CCEDBB39-A4E8-4276-B09F-69670B88516C}.Release|x86.Build.0 = Release|Any CPU
		{964C31A1-0C3A-4926-A133-9979B31C1E97}.Debug|Any CPU.ActiveCfg = Debug|Any CPU
		{964C31A1-0C3A-4926-A133-9979B31C1E97}.Debug|Any CPU.Build.0 = Debug|Any CPU
		{964C31A1-0C3A-4926-A133-9979B31C1E97}.Debug|x64.ActiveCfg = Debug|Any CPU
		{964C31A1-0C3A-4926-A133-9979B31C1E97}.Debug|x64.Build.0 = Debug|Any CPU
		{964C31A1-0C3A-4926-A133-9979B31C1E97}.Debug|x86.ActiveCfg = Debug|Any CPU
		{964C31A1-0C3A-4926-A133-9979B31C1E97}.Debug|x86.Build.0 = Debug|Any CPU
		{964C31A1-0C3A-4926-A133-9979B31C1E97}.Release|Any CPU.ActiveCfg = Release|Any CPU
		{964C31A1-0C3A-4926-A133-9979B31C1E97}.Release|Any CPU.Build.0 = Release|Any CPU
		{964C31A1-0C3A-4926-A133-9979B31C1E97}.Release|x64.ActiveCfg = Release|Any CPU
		{964C31A1-0C3A-4926-A133-9979B31C1E97}.Release|x64.Build.0 = Release|Any CPU
		{964C31A1-0C3A-4926-A133-9979B31C1E97}.Release|x86.ActiveCfg = Release|Any CPU
		{964C31A1-0C3A-4926-A133-9979B31C1E97}.Release|x86.Build.0 = Release|Any CPU
		{8AD2A108-D63B-4DFE-A3F6-EE03163F998E}.Debug|Any CPU.ActiveCfg = Debug|Any CPU
		{8AD2A108-D63B-4DFE-A3F6-EE03163F998E}.Debug|Any CPU.Build.0 = Debug|Any CPU
		{8AD2A108-D63B-4DFE-A3F6-EE03163F998E}.Debug|x64.ActiveCfg = Debug|Any CPU
		{8AD2A108-D63B-4DFE-A3F6-EE03163F998E}.Debug|x64.Build.0 = Debug|Any CPU
		{8AD2A108-D63B-4DFE-A3F6-EE03163F998E}.Debug|x86.ActiveCfg = Debug|Any CPU
		{8AD2A108-D63B-4DFE-A3F6-EE03163F998E}.Debug|x86.Build.0 = Debug|Any CPU
		{8AD2A108-D63B-4DFE-A3F6-EE03163F998E}.Release|Any CPU.ActiveCfg = Release|Any CPU
		{8AD2A108-D63B-4DFE-A3F6-EE03163F998E}.Release|Any CPU.Build.0 = Release|Any CPU
		{8AD2A108-D63B-4DFE-A3F6-EE03163F998E}.Release|x64.ActiveCfg = Release|Any CPU
		{8AD2A108-D63B-4DFE-A3F6-EE03163F998E}.Release|x64.Build.0 = Release|Any CPU
		{8AD2A108-D63B-4DFE-A3F6-EE03163F998E}.Release|x86.ActiveCfg = Release|Any CPU
		{8AD2A108-D63B-4DFE-A3F6-EE03163F998E}.Release|x86.Build.0 = Release|Any CPU
		{E0E5EC28-713F-4033-AB38-D618997958C0}.Debug|Any CPU.ActiveCfg = Debug|Any CPU
		{E0E5EC28-713F-4033-AB38-D618997958C0}.Debug|Any CPU.Build.0 = Debug|Any CPU
		{E0E5EC28-713F-4033-AB38-D618997958C0}.Debug|x64.ActiveCfg = Debug|Any CPU
		{E0E5EC28-713F-4033-AB38-D618997958C0}.Debug|x64.Build.0 = Debug|Any CPU
		{E0E5EC28-713F-4033-AB38-D618997958C0}.Debug|x86.ActiveCfg = Debug|Any CPU
		{E0E5EC28-713F-4033-AB38-D618997958C0}.Debug|x86.Build.0 = Debug|Any CPU
		{E0E5EC28-713F-4033-AB38-D618997958C0}.Release|Any CPU.ActiveCfg = Release|Any CPU
		{E0E5EC28-713F-4033-AB38-D618997958C0}.Release|Any CPU.Build.0 = Release|Any CPU
		{E0E5EC28-713F-4033-AB38-D618997958C0}.Release|x64.ActiveCfg = Release|Any CPU
		{E0E5EC28-713F-4033-AB38-D618997958C0}.Release|x64.Build.0 = Release|Any CPU
		{E0E5EC28-713F-4033-AB38-D618997958C0}.Release|x86.ActiveCfg = Release|Any CPU
		{E0E5EC28-713F-4033-AB38-D618997958C0}.Release|x86.Build.0 = Release|Any CPU
	EndGlobalSection
	GlobalSection(SolutionProperties) = preSolution
		HideSolutionNode = FALSE
	EndGlobalSection
	GlobalSection(NestedProjects) = preSolution
		{FE360695-3F2B-1049-3887-35FBB5135923} = {827E0CD3-B72D-47B6-A68D-7590B98EB39B}
		{C57D465B-AF81-4429-9009-ACE55B4D3813} = {FE360695-3F2B-1049-3887-35FBB5135923}
		{EB5C97C4-2E68-47D9-B8B9-E84F04E7C3DA} = {FE360695-3F2B-1049-3887-35FBB5135923}
		{2B86C428-5A1E-470D-B6F4-C36F224D0F75} = {FE360695-3F2B-1049-3887-35FBB5135923}
		{CCEDBB39-A4E8-4276-B09F-69670B88516C} = {FE360695-3F2B-1049-3887-35FBB5135923}
		{964C31A1-0C3A-4926-A133-9979B31C1E97} = {FE360695-3F2B-1049-3887-35FBB5135923}
		{8AD2A108-D63B-4DFE-A3F6-EE03163F998E} = {FE360695-3F2B-1049-3887-35FBB5135923}
		{E0E5EC28-713F-4033-AB38-D618997958C0} = {0AB3BF05-4346-4AA6-1389-037BE0695223}
	EndGlobalSection
EndGlobal
